# This file was autogenerated by Stack.
# You should not edit this file by hand.
# For more information, please see the documentation at:
#   https://docs.haskellstack.org/en/stable/lock_files

packages:
- completed:
    hackage: postgresql-typed-0.6.0.1@sha256:89066a96fdf0568404c3792f1c3ddf4c2518e503a8816b8437829f77ba3b1019,4866
    pantry-tree:
      size: 2088
      sha256: 76157e4033be669aeebda7a1318a5f8be817cabdf69376cec3a129d109661828
  original:
    hackage: postgresql-typed-0.6.0.1
- completed:
    hackage: web-inv-route-0.1.2.2@sha256:8229f48fcdba5e2f7decd093ae46ddb4563381683edee5b46ca7b703b33af9aa,3877
    pantry-tree:
      size: 2917
      sha256: 76be9a949f13f194075c1cfebcc5a75fc1653ae3a69cbb38eab25346adf33eae
  original:
    hackage: web-inv-route-0.1.2.2
- completed:
    cabal-file:
      size: 2098
      sha256: aad4bf13d6b841b8052e419b90bb8900aa8004e2b7622589d0160e361ecc1b7a
    name: waimwork
    version: '0.1'
    git: git://github.com/dylex/waimwork
    pantry-tree:
      size: 1095
      sha256: 341a999484940fbffbc739b0f63aaf5403c9821939ce111ccdb5f45b6cab17be
    commit: c00627599674ebf19cf5a403bd27c1965051a1c0
  original:
    git: git://github.com/dylex/waimwork
    commit: c00627599674ebf19cf5a403bd27c1965051a1c0
- completed:
    cabal-file:
      size: 5192
      sha256: a3181f29a530cae3d79823f6b77f05669afe3fe975faf69cbb0b99468de56456
    name: hdf5
    version: 1.10.0
    git: git://github.com/dylex/hs-hdf5
    pantry-tree:
      size: 6211
      sha256: bddbe523de4b1347589953a470a31795f4c81935154dbcf414e4842093971a46
    commit: ee4a09ada76b87ea2f7f88661c5b3049d9d9625c
  original:
    git: git://github.com/dylex/hs-hdf5
    commit: ee4a09ada76b87ea2f7f88661c5b3049d9d9625c
snapshots:
- completed:
    size: 524104
    url: https://raw.githubusercontent.com/commercialhaskell/stackage-snapshots/master/lts/14/5.yaml
    sha256: 3c146eebc1b383211ea49d5422fb3d63d699da12307b4bc989107300eb579d60
  original: lts-14.5
